
Microsoft Visual Studio Solution File, Format Version 12.00
# Visual Studio Version 17
VisualStudioVersion = 17.7.34024.191
MinimumVisualStudioVersion = 10.0.40219.1
Project("{FAE04EC0-301F-11D3-BF4B-00C04F79EFBC}") = "EmpresaABC.FronEnd", "EmpresaABC.FronEnd\EmpresaABC.FronEnd.csproj", "{01622B6E-D437-419D-89C3-D4DCF475E603}"
EndProject
Project("{FAE04EC0-301F-11D3-BF4B-00C04F79EFBC}") = "EmpresaABC.Model", "EmpresaABC.Model\EmpresaABC.Model.csproj", "{BC56BE07-82C6-456E-A982-76342A260F8B}"
EndProject
Project("{FAE04EC0-301F-11D3-BF4B-00C04F79EFBC}") = "EmpresaABC.Api", "EmpresaABC.Api\EmpresaABC.Api.csproj", "{CD0537B9-8088-4352-AF8E-97985CBFCDE6}"
EndProject
Global
	GlobalSection(SolutionConfigurationPlatforms) = preSolution
		Debug|Any CPU = Debug|Any CPU
		Release|Any CPU = Release|Any CPU
	EndGlobalSection
	GlobalSection(ProjectConfigurationPlatforms) = postSolution
		{01622B6E-D437-419D-89C3-D4DCF475E603}.Debug|Any CPU.ActiveCfg = Debug|Any CPU
		{01622B6E-D437-419D-89C3-D4DCF475E603}.Debug|Any CPU.Build.0 = Debug|Any CPU
		{01622B6E-D437-419D-89C3-D4DCF475E603}.Release|Any CPU.ActiveCfg = Release|Any CPU
		{01622B6E-D437-419D-89C3-D4DCF475E603}.Release|Any CPU.Build.0 = Release|Any CPU
		{BC56BE07-82C6-456E-A982-76342A260F8B}.Debug|Any CPU.ActiveCfg = Debug|Any CPU
		{BC56BE07-82C6-456E-A982-76342A260F8B}.Debug|Any CPU.Build.0 = Debug|Any CPU
		{BC56BE07-82C6-456E-A982-76342A260F8B}.Release|Any CPU.ActiveCfg = Release|Any CPU
		{BC56BE07-82C6-456E-A982-76342A260F8B}.Release|Any CPU.Build.0 = Release|Any CPU
		{CD0537B9-8088-4352-AF8E-97985CBFCDE6}.Debug|Any CPU.ActiveCfg = Debug|Any CPU
		{CD0537B9-8088-4352-AF8E-97985CBFCDE6}.Debug|Any CPU.Build.0 = Debug|Any CPU
		{CD0537B9-8088-4352-AF8E-97985CBFCDE6}.Release|Any CPU.ActiveCfg = Release|Any CPU
		{CD0537B9-8088-4352-AF8E-97985CBFCDE6}.Release|Any CPU.Build.0 = Release|Any CPU
	EndGlobalSection
	GlobalSection(SolutionProperties) = preSolution
		HideSolutionNode = FALSE
	EndGlobalSection
	GlobalSection(ExtensibilityGlobals) = postSolution
		SolutionGuid = {7B23BCC5-20C3-44EF-92A7-088964E80938}
	EndGlobalSection
EndGlobal
